// !$*UTF8*$!
{
	archiveVersion = 1;
	classes = {
	};
	objectVersion = 46;
	objects = {

/* Begin PBXBuildFile section */
		AABE949A1699CB75002B8716 /* UIKit.framework in Frameworks */ = {isa = PBXBuildFile; fileRef = AABE94991699CB75002B8716 /* UIKit.framework */; };
		AABE949C1699CB75002B8716 /* Foundation.framework in Frameworks */ = {isa = PBXBuildFile; fileRef = AABE949B1699CB75002B8716 /* Foundation.framework */; };
		AABE949E1699CB75002B8716 /* CoreGraphics.framework in Frameworks */ = {isa = PBXBuildFile; fileRef = AABE949D1699CB75002B8716 /* CoreGraphics.framework */; };
		AABE94A41699CB75002B8716 /* InfoPlist.strings in Resources */ = {isa = PBXBuildFile; fileRef = AABE94A21699CB75002B8716 /* InfoPlist.strings */; };
		AABE94A61699CB75002B8716 /* main.m in Sources */ = {isa = PBXBuildFile; fileRef = AABE94A51699CB75002B8716 /* main.m */; };
		AABE94AA1699CB75002B8716 /* AppDelegate.m in Sources */ = {isa = PBXBuildFile; fileRef = AABE94A91699CB75002B8716 /* AppDelegate.m */; };
		AABE94AC1699CB75002B8716 /* Default.png in Resources */ = {isa = PBXBuildFile; fileRef = AABE94AB1699CB75002B8716 /* Default.png */; };
		AABE94AE1699CB75002B8716 /* Default@2x.png in Resources */ = {isa = PBXBuildFile; fileRef = AABE94AD1699CB75002B8716 /* Default@2x.png */; };
		AABE94B01699CB75002B8716 /* Default-568h@2x.png in Resources */ = {isa = PBXBuildFile; fileRef = AABE94AF1699CB75002B8716 /* Default-568h@2x.png */; };
		AABE94B31699CB75002B8716 /* MainStoryboard.storyboard in Resources */ = {isa = PBXBuildFile; fileRef = AABE94B11699CB75002B8716 /* MainStoryboard.storyboard */; };
		AABE94C31699CCB5002B8716 /* QBRefreshControl.m in Sources */ = {isa = PBXBuildFile; fileRef = AABE94C21699CCB5002B8716 /* QBRefreshControl.m */; };
		AABE94C81699CCC6002B8716 /* arrow.png in Resources */ = {isa = PBXBuildFile; fileRef = AABE94C41699CCC6002B8716 /* arrow.png */; };
		AABE94C91699CCC6002B8716 /* arrow@2x.png in Resources */ = {isa = PBXBuildFile; fileRef = AABE94C51699CCC6002B8716 /* arrow@2x.png */; };
		AABE94CA1699CCC6002B8716 /* QBArrowRefreshControl.m in Sources */ = {isa = PBXBuildFile; fileRef = AABE94C71699CCC6002B8716 /* QBArrowRefreshControl.m */; };
		AABE94D11699CCF9002B8716 /* QBSimpleSyncRefreshControl.m in Sources */ = {isa = PBXBuildFile; fileRef = AABE94CE1699CCF9002B8716 /* QBSimpleSyncRefreshControl.m */; };
		AABE94D21699CCF9002B8716 /* sync.png in Resources */ = {isa = PBXBuildFile; fileRef = AABE94CF1699CCF9002B8716 /* sync.png */; };
		AABE94D31699CCF9002B8716 /* sync@2x.png in Resources */ = {isa = PBXBuildFile; fileRef = AABE94D01699CCF9002B8716 /* sync@2x.png */; };
		AABE94DC1699CD0A002B8716 /* face_ffffuuuu.png in Resources */ = {isa = PBXBuildFile; fileRef = AABE94D41699CD0A002B8716 /* face_ffffuuuu.png */; };
		AABE94DD1699CD0A002B8716 /* face_ffffuuuu@2x.png in Resources */ = {isa = PBXBuildFile; fileRef = AABE94D51699CD0A002B8716 /* face_ffffuuuu@2x.png */; };
		AABE94DE1699CD0A002B8716 /* face_hi.png in Resources */ = {isa = PBXBuildFile; fileRef = AABE94D61699CD0A002B8716 /* face_hi.png */; };
		AABE94DF1699CD0A002B8716 /* face_hi@2x.png in Resources */ = {isa = PBXBuildFile; fileRef = AABE94D71699CD0A002B8716 /* face_hi@2x.png */; };
		AABE94E01699CD0A002B8716 /* face_wat.png in Resources */ = {isa = PBXBuildFile; fileRef = AABE94D81699CD0A002B8716 /* face_wat.png */; };
		AABE94E11699CD0A002B8716 /* face_wat@2x.png in Resources */ = {isa = PBXBuildFile; fileRef = AABE94D91699CD0A002B8716 /* face_wat@2x.png */; };
		AABE94E21699CD0A002B8716 /* QBFunnyFaceRefreshControl.m in Sources */ = {isa = PBXBuildFile; fileRef = AABE94DB1699CD0A002B8716 /* QBFunnyFaceRefreshControl.m */; };
		AABE94ED1699CD5A002B8716 /* QBAnimationGroup.m in Sources */ = {isa = PBXBuildFile; fileRef = AABE94E81699CD5A002B8716 /* QBAnimationGroup.m */; };
		AABE94EE1699CD5A002B8716 /* QBAnimationItem.m in Sources */ = {isa = PBXBuildFile; fileRef = AABE94EA1699CD5A002B8716 /* QBAnimationItem.m */; };
		AABE94EF1699CD5A002B8716 /* QBAnimationSequence.m in Sources */ = {isa = PBXBuildFile; fileRef = AABE94EC1699CD5A002B8716 /* QBAnimationSequence.m */; };
		AABE94F71699CD82002B8716 /* ArrowDemoViewController.m in Sources */ = {isa = PBXBuildFile; fileRef = AABE94F21699CD82002B8716 /* ArrowDemoViewController.m */; };
		AABE94F81699CD82002B8716 /* FunnyFaceDemoViewController.m in Sources */ = {isa = PBXBuildFile; fileRef = AABE94F41699CD82002B8716 /* FunnyFaceDemoViewController.m */; };
		AABE94F91699CD82002B8716 /* SyncDemoViewController.m in Sources */ = {isa = PBXBuildFile; fileRef = AABE94F61699CD82002B8716 /* SyncDemoViewController.m */; };
/* End PBXBuildFile section */

/* Begin PBXFileReference section */
		AABE94951699CB75002B8716 /* QBRefreshControl.app */ = {isa = PBXFileReference; explicitFileType = wrapper.application; includeInIndex = 0; path = QBRefreshControl.app; sourceTree = BUILT_PRODUCTS_DIR; };
		AABE94991699CB75002B8716 /* UIKit.framework */ = {isa = PBXFileReference; lastKnownFileType = wrapper.framework; name = UIKit.framework; path = System/Library/Frameworks/UIKit.framework; sourceTree = SDKROOT; };
		AABE949B1699CB75002B8716 /* Foundation.framework */ = {isa = PBXFileReference; lastKnownFileType = wrapper.framework; name = Foundation.framework; path = System/Library/Frameworks/Foundation.framework; sourceTree = SDKROOT; };
		AABE949D1699CB75002B8716 /* CoreGraphics.framework */ = {isa = PBXFileReference; lastKnownFileType = wrapper.framework; name = CoreGraphics.framework; path = System/Library/Frameworks/CoreGraphics.framework; sourceTree = SDKROOT; };
		AABE94A11699CB75002B8716 /* QBRefreshControl-Info.plist */ = {isa = PBXFileReference; lastKnownFileType = text.plist.xml; path = "QBRefreshControl-Info.plist"; sourceTree = "<group>"; };
		AABE94A31699CB75002B8716 /* en */ = {isa = PBXFileReference; lastKnownFileType = text.plist.strings; name = en; path = en.lproj/InfoPlist.strings; sourceTree = "<group>"; };
		AABE94A51699CB75002B8716 /* main.m */ = {isa = PBXFileReference; lastKnownFileType = sourcecode.c.objc; path = main.m; sourceTree = "<group>"; };
		AABE94A71699CB75002B8716 /* QBRefreshControl-Prefix.pch */ = {isa = PBXFileReference; lastKnownFileType = sourcecode.c.h; path = "QBRefreshControl-Prefix.pch"; sourceTree = "<group>"; };
		AABE94A81699CB75002B8716 /* AppDelegate.h */ = {isa = PBXFileReference; lastKnownFileType = sourcecode.c.h; path = AppDelegate.h; sourceTree = "<group>"; };
		AABE94A91699CB75002B8716 /* AppDelegate.m */ = {isa = PBXFileReference; lastKnownFileType = sourcecode.c.objc; path = AppDelegate.m; sourceTree = "<group>"; };
		AABE94AB1699CB75002B8716 /* Default.png */ = {isa = PBXFileReference; lastKnownFileType = image.png; path = Default.png; sourceTree = "<group>"; };
		AABE94AD1699CB75002B8716 /* Default@2x.png */ = {isa = PBXFileReference; lastKnownFileType = image.png; path = "Default@2x.png"; sourceTree = "<group>"; };
		AABE94AF1699CB75002B8716 /* Default-568h@2x.png */ = {isa = PBXFileReference; lastKnownFileType = image.png; path = "Default-568h@2x.png"; sourceTree = "<group>"; };
		AABE94B21699CB75002B8716 /* en */ = {isa = PBXFileReference; lastKnownFileType = file.storyboard; name = en; path = en.lproj/MainStoryboard.storyboard; sourceTree = "<group>"; };
		AABE94C11699CCB5002B8716 /* QBRefreshControl.h */ = {isa = PBXFileReference; fileEncoding = 4; lastKnownFileType = sourcecode.c.h; path = QBRefreshControl.h; sourceTree = "<group>"; };
		AABE94C21699CCB5002B8716 /* QBRefreshControl.m */ = {isa = PBXFileReference; fileEncoding = 4; lastKnownFileType = sourcecode.c.objc; path = QBRefreshControl.m; sourceTree = "<group>"; };
		AABE94C41699CCC6002B8716 /* arrow.png */ = {isa = PBXFileReference; lastKnownFileType = image.png; path = arrow.png; sourceTree = "<group>"; };
		AABE94C51699CCC6002B8716 /* arrow@2x.png */ = {isa = PBXFileReference; lastKnownFileType = image.png; path = "arrow@2x.png"; sourceTree = "<group>"; };
		AABE94C61699CCC6002B8716 /* QBArrowRefreshControl.h */ = {isa = PBXFileReference; fileEncoding = 4; lastKnownFileType = sourcecode.c.h; path = QBArrowRefreshControl.h; sourceTree = "<group>"; };
		AABE94C71699CCC6002B8716 /* QBArrowRefreshControl.m */ = {isa = PBXFileReference; fileEncoding = 4; lastKnownFileType = sourcecode.c.objc; path = QBArrowRefreshControl.m; sourceTree = "<group>"; };
		AABE94CD1699CCF9002B8716 /* QBSimpleSyncRefreshControl.h */ = {isa = PBXFileReference; fileEncoding = 4; lastKnownFileType = sourcecode.c.h; path = QBSimpleSyncRefreshControl.h; sourceTree = "<group>"; };
		AABE94CE1699CCF9002B8716 /* QBSimpleSyncRefreshControl.m */ = {isa = PBXFileReference; fileEncoding = 4; lastKnownFileType = sourcecode.c.objc; path = QBSimpleSyncRefreshControl.m; sourceTree = "<group>"; };
		AABE94CF1699CCF9002B8716 /* sync.png */ = {isa = PBXFileReference; lastKnownFileType = image.png; path = sync.png; sourceTree = "<group>"; };
		AABE94D01699CCF9002B8716 /* sync@2x.png */ = {isa = PBXFileReference; lastKnownFileType = image.png; path = "sync@2x.png"; sourceTree = "<group>"; };
		AABE94D41699CD0A002B8716 /* face_ffffuuuu.png */ = {isa = PBXFileReference; lastKnownFileType = image.png; path = face_ffffuuuu.png; sourceTree = "<group>"; };
		AABE94D51699CD0A002B8716 /* face_ffffuuuu@2x.png */ = {isa = PBXFileReference; lastKnownFileType = image.png; path = "face_ffffuuuu@2x.png"; sourceTree = "<group>"; };
		AABE94D61699CD0A002B8716 /* face_hi.png */ = {isa = PBXFileReference; lastKnownFileType = image.png; path = face_hi.png; sourceTree = "<group>"; };
		AABE94D71699CD0A002B8716 /* face_hi@2x.png */ = {isa = PBXFileReference; lastKnownFileType = image.png; path = "face_hi@2x.png"; sourceTree = "<group>"; };
		AABE94D81699CD0A002B8716 /* face_wat.png */ = {isa = PBXFileReference; lastKnownFileType = image.png; path = face_wat.png; sourceTree = "<group>"; };
		AABE94D91699CD0A002B8716 /* face_wat@2x.png */ = {isa = PBXFileReference; lastKnownFileType = image.png; path = "face_wat@2x.png"; sourceTree = "<group>"; };
		AABE94DA1699CD0A002B8716 /* QBFunnyFaceRefreshControl.h */ = {isa = PBXFileReference; fileEncoding = 4; lastKnownFileType = sourcecode.c.h; path = QBFunnyFaceRefreshControl.h; sourceTree = "<group>"; };
		AABE94DB1699CD0A002B8716 /* QBFunnyFaceRefreshControl.m */ = {isa = PBXFileReference; fileEncoding = 4; lastKnownFileType = sourcecode.c.objc; path = QBFunnyFaceRefreshControl.m; sourceTree = "<group>"; };
		AABE94E71699CD5A002B8716 /* QBAnimationGroup.h */ = {isa = PBXFileReference; fileEncoding = 4; lastKnownFileType = sourcecode.c.h; name = QBAnimationGroup.h; path = ../QBAnimationSequence/QBAnimationSequence/QBAnimationGroup.h; sourceTree = "<group>"; };
		AABE94E81699CD5A002B8716 /* QBAnimationGroup.m */ = {isa = PBXFileReference; fileEncoding = 4; lastKnownFileType = sourcecode.c.objc; name = QBAnimationGroup.m; path = ../QBAnimationSequence/QBAnimationSequence/QBAnimationGroup.m; sourceTree = "<group>"; };
		AABE94E91699CD5A002B8716 /* QBAnimationItem.h */ = {isa = PBXFileReference; fileEncoding = 4; lastKnownFileType = sourcecode.c.h; name = QBAnimationItem.h; path = ../QBAnimationSequence/QBAnimationSequence/QBAnimationItem.h; sourceTree = "<group>"; };
		AABE94EA1699CD5A002B8716 /* QBAnimationItem.m */ = {isa = PBXFileReference; fileEncoding = 4; lastKnownFileType = sourcecode.c.objc; name = QBAnimationItem.m; path = ../QBAnimationSequence/QBAnimationSequence/QBAnimationItem.m; sourceTree = "<group>"; };
		AABE94EB1699CD5A002B8716 /* QBAnimationSequence.h */ = {isa = PBXFileReference; fileEncoding = 4; lastKnownFileType = sourcecode.c.h; name = QBAnimationSequence.h; path = ../QBAnimationSequence/QBAnimationSequence/QBAnimationSequence.h; sourceTree = "<group>"; };
		AABE94EC1699CD5A002B8716 /* QBAnimationSequence.m */ = {isa = PBXFileReference; fileEncoding = 4; lastKnownFileType = sourcecode.c.objc; name = QBAnimationSequence.m; path = ../QBAnimationSequence/QBAnimationSequence/QBAnimationSequence.m; sourceTree = "<group>"; };
		AABE94F11699CD82002B8716 /* ArrowDemoViewController.h */ = {isa = PBXFileReference; fileEncoding = 4; lastKnownFileType = sourcecode.c.h; path = ArrowDemoViewController.h; sourceTree = "<group>"; };
		AABE94F21699CD82002B8716 /* ArrowDemoViewController.m */ = {isa = PBXFileReference; fileEncoding = 4; lastKnownFileType = sourcecode.c.objc; path = ArrowDemoViewController.m; sourceTree = "<group>"; };
		AABE94F31699CD82002B8716 /* FunnyFaceDemoViewController.h */ = {isa = PBXFileReference; fileEncoding = 4; lastKnownFileType = sourcecode.c.h; path = FunnyFaceDemoViewController.h; sourceTree = "<group>"; };
		AABE94F41699CD82002B8716 /* FunnyFaceDemoViewController.m */ = {isa = PBXFileReference; fileEncoding = 4; lastKnownFileType = sourcecode.c.objc; path = FunnyFaceDemoViewController.m; sourceTree = "<group>"; };
		AABE94F51699CD82002B8716 /* SyncDemoViewController.h */ = {isa = PBXFileReference; fileEncoding = 4; lastKnownFileType = sourcecode.c.h; path = SyncDemoViewController.h; sourceTree = "<group>"; };
		AABE94F61699CD82002B8716 /* SyncDemoViewController.m */ = {isa = PBXFileReference; fileEncoding = 4; lastKnownFileType = sourcecode.c.objc; path = SyncDemoViewController.m; sourceTree = "<group>"; };
/* End PBXFileReference section */

/* Begin PBXFrameworksBuildPhase section */
		AABE94921699CB75002B8716 /* Frameworks */ = {
			isa = PBXFrameworksBuildPhase;
			buildActionMask = 2147483647;
			files = (
				AABE949A1699CB75002B8716 /* UIKit.framework in Frameworks */,
				AABE949C1699CB75002B8716 /* Foundation.framework in Frameworks */,
				AABE949E1699CB75002B8716 /* CoreGraphics.framework in Frameworks */,
			);
			runOnlyForDeploymentPostprocessing = 0;
		};
/* End PBXFrameworksBuildPhase section */

/* Begin PBXGroup section */
		AABE948A1699CB75002B8716 = {
			isa = PBXGroup;
			children = (
				AABE949F1699CB75002B8716 /* QBRefreshControl */,
				AABE94981699CB75002B8716 /* Frameworks */,
				AABE94961699CB75002B8716 /* Products */,
			);
			sourceTree = "<group>";
		};
		AABE94961699CB75002B8716 /* Products */ = {
			isa = PBXGroup;
			children = (
				AABE94951699CB75002B8716 /* QBRefreshControl.app */,
			);
			name = Products;
			sourceTree = "<group>";
		};
		AABE94981699CB75002B8716 /* Frameworks */ = {
			isa = PBXGroup;
			children = (
				AABE94991699CB75002B8716 /* UIKit.framework */,
				AABE949B1699CB75002B8716 /* Foundation.framework */,
				AABE949D1699CB75002B8716 /* CoreGraphics.framework */,
			);
			name = Frameworks;
			sourceTree = "<group>";
		};
		AABE949F1699CB75002B8716 /* QBRefreshControl */ = {
			isa = PBXGroup;
			children = (
				AABE94F01699CD5F002B8716 /* QBAnimationSequence */,
				AABE94C01699CC9E002B8716 /* QBRefreshControl */,
				AABE94A81699CB75002B8716 /* AppDelegate.h */,
				AABE94A91699CB75002B8716 /* AppDelegate.m */,
				AABE94B11699CB75002B8716 /* MainStoryboard.storyboard */,
				AABE94F11699CD82002B8716 /* ArrowDemoViewController.h */,
				AABE94F21699CD82002B8716 /* ArrowDemoViewController.m */,
				AABE94F31699CD82002B8716 /* FunnyFaceDemoViewController.h */,
				AABE94F41699CD82002B8716 /* FunnyFaceDemoViewController.m */,
				AABE94F51699CD82002B8716 /* SyncDemoViewController.h */,
				AABE94F61699CD82002B8716 /* SyncDemoViewController.m */,
				AABE94CB1699CCCF002B8716 /* QBArrowRefreshControl */,
				AABE94E31699CD11002B8716 /* QBSimpleSyncRefreshControl */,
				AABE94E51699CD2E002B8716 /* QBFunnyFaceRefreshControl */,
				AABE94A01699CB75002B8716 /* Supporting Files */,
			);
			path = QBRefreshControl;
			sourceTree = "<group>";
		};
		AABE94A01699CB75002B8716 /* Supporting Files */ = {
			isa = PBXGroup;
			children = (
				AABE94A11699CB75002B8716 /* QBRefreshControl-Info.plist */,
				AABE94A21699CB75002B8716 /* InfoPlist.strings */,
				AABE94A51699CB75002B8716 /* main.m */,
				AABE94A71699CB75002B8716 /* QBRefreshControl-Prefix.pch */,
				AABE94AB1699CB75002B8716 /* Default.png */,
				AABE94AD1699CB75002B8716 /* Default@2x.png */,
				AABE94AF1699CB75002B8716 /* Default-568h@2x.png */,
			);
			name = "Supporting Files";
			sourceTree = "<group>";
		};
		AABE94C01699CC9E002B8716 /* QBRefreshControl */ = {
			isa = PBXGroup;
			children = (
				AABE94C11699CCB5002B8716 /* QBRefreshControl.h */,
				AABE94C21699CCB5002B8716 /* QBRefreshControl.m */,
			);
			name = QBRefreshControl;
			sourceTree = "<group>";
		};
		AABE94CB1699CCCF002B8716 /* QBArrowRefreshControl */ = {
			isa = PBXGroup;
			children = (
				AABE94CC1699CCD1002B8716 /* Resources */,
				AABE94C61699CCC6002B8716 /* QBArrowRefreshControl.h */,
				AABE94C71699CCC6002B8716 /* QBArrowRefreshControl.m */,
			);
			name = QBArrowRefreshControl;
			sourceTree = "<group>";
		};
		AABE94CC1699CCD1002B8716 /* Resources */ = {
			isa = PBXGroup;
			children = (
				AABE94C41699CCC6002B8716 /* arrow.png */,
				AABE94C51699CCC6002B8716 /* arrow@2x.png */,
			);
			name = Resources;
			sourceTree = "<group>";
		};
		AABE94E31699CD11002B8716 /* QBSimpleSyncRefreshControl */ = {
			isa = PBXGroup;
			children = (
				AABE94E41699CD1E002B8716 /* Resources */,
				AABE94CD1699CCF9002B8716 /* QBSimpleSyncRefreshControl.h */,
				AABE94CE1699CCF9002B8716 /* QBSimpleSyncRefreshControl.m */,
			);
			name = QBSimpleSyncRefreshControl;
			sourceTree = "<group>";
		};
		AABE94E41699CD1E002B8716 /* Resources */ = {
			isa = PBXGroup;
			children = (
				AABE94CF1699CCF9002B8716 /* sync.png */,
				AABE94D01699CCF9002B8716 /* sync@2x.png */,
			);
			name = Resources;
			sourceTree = "<group>";
		};
		AABE94E51699CD2E002B8716 /* QBFunnyFaceRefreshControl */ = {
			isa = PBXGroup;
			children = (
				AABE94E61699CD31002B8716 /* Resources */,
				AABE94DA1699CD0A002B8716 /* QBFunnyFaceRefreshControl.h */,
				AABE94DB1699CD0A002B8716 /* QBFunnyFaceRefreshControl.m */,
			);
			name = QBFunnyFaceRefreshControl;
			sourceTree = "<group>";
		};
		AABE94E61699CD31002B8716 /* Resources */ = {
			isa = PBXGroup;
			children = (
				AABE94D41699CD0A002B8716 /* face_ffffuuuu.png */,
				AABE94D51699CD0A002B8716 /* face_ffffuuuu@2x.png */,
				AABE94D61699CD0A002B8716 /* face_hi.png */,
				AABE94D71699CD0A002B8716 /* face_hi@2x.png */,
				AABE94D81699CD0A002B8716 /* face_wat.png */,
				AABE94D91699CD0A002B8716 /* face_wat@2x.png */,
			);
			name = Resources;
			sourceTree = "<group>";
		};
		AABE94F01699CD5F002B8716 /* QBAnimationSequence */ = {
			isa = PBXGroup;
			children = (
				AABE94E71699CD5A002B8716 /* QBAnimationGroup.h */,
				AABE94E81699CD5A002B8716 /* QBAnimationGroup.m */,
				AABE94E91699CD5A002B8716 /* QBAnimationItem.h */,
				AABE94EA1699CD5A002B8716 /* QBAnimationItem.m */,
				AABE94EB1699CD5A002B8716 /* QBAnimationSequence.h */,
				AABE94EC1699CD5A002B8716 /* QBAnimationSequence.m */,
			);
			name = QBAnimationSequence;
			sourceTree = "<group>";
		};
/* End PBXGroup section */

/* Begin PBXNativeTarget section */
		AABE94941699CB75002B8716 /* QBRefreshControl */ = {
			isa = PBXNativeTarget;
			buildConfigurationList = AABE94B91699CB75002B8716 /* Build configuration list for PBXNativeTarget "QBRefreshControl" */;
			buildPhases = (
				AABE94911699CB75002B8716 /* Sources */,
				AABE94921699CB75002B8716 /* Frameworks */,
				AABE94931699CB75002B8716 /* Resources */,
			);
			buildRules = (
			);
			dependencies = (
			);
			name = QBRefreshControl;
			productName = QBRefreshControl;
			productReference = AABE94951699CB75002B8716 /* QBRefreshControl.app */;
			productType = "com.apple.product-type.application";
		};
/* End PBXNativeTarget section */

/* Begin PBXProject section */
		AABE948C1699CB75002B8716 /* Project object */ = {
			isa = PBXProject;
			attributes = {
				LastUpgradeCheck = 0450;
				ORGANIZATIONNAME = "Katsuma Tanaka";
			};
			buildConfigurationList = AABE948F1699CB75002B8716 /* Build configuration list for PBXProject "QBRefreshControl" */;
			compatibilityVersion = "Xcode 3.2";
			developmentRegion = English;
			hasScannedForEncodings = 0;
			knownRegions = (
				en,
			);
			mainGroup = AABE948A1699CB75002B8716;
			productRefGroup = AABE94961699CB75002B8716 /* Products */;
			projectDirPath = "";
			projectRoot = "";
			targets = (
				AABE94941699CB75002B8716 /* QBRefreshControl */,
			);
		};
/* End PBXProject section */

/* Begin PBXResourcesBuildPhase section */
		AABE94931699CB75002B8716 /* Resources */ = {
			isa = PBXResourcesBuildPhase;
			buildActionMask = 2147483647;
			files = (
				AABE94A41699CB75002B8716 /* InfoPlist.strings in Resources */,
				AABE94AC1699CB75002B8716 /* Default.png in Resources */,
				AABE94AE1699CB75002B8716 /* Default@2x.png in Resources */,
				AABE94B01699CB75002B8716 /* Default-568h@2x.png in Resources */,
				AABE94B31699CB75002B8716 /* MainStoryboard.storyboard in Resources */,
				AABE94C81699CCC6002B8716 /* arrow.png in Resources */,
				AABE94C91699CCC6002B8716 /* arrow@2x.png in Resources */,
				AABE94D21699CCF9002B8716 /* sync.png in Resources */,
				AABE94D31699CCF9002B8716 /* sync@2x.png in Resources */,
				AABE94DC1699CD0A002B8716 /* face_ffffuuuu.png in Resources */,
				AABE94DD1699CD0A002B8716 /* face_ffffuuuu@2x.png in Resources */,
				AABE94DE1699CD0A002B8716 /* face_hi.png in Resources */,
				AABE94DF1699CD0A002B8716 /* face_hi@2x.png in Resources */,
				AABE94E01699CD0A002B8716 /* face_wat.png in Resources */,
				AABE94E11699CD0A002B8716 /* face_wat@2x.png in Resources */,
			);
			runOnlyForDeploymentPostprocessing = 0;
		};
/* End PBXResourcesBuildPhase section */

/* Begin PBXSourcesBuildPhase section */
		AABE94911699CB75002B8716 /* Sources */ = {
			isa = PBXSourcesBuildPhase;
			buildActionMask = 2147483647;
			files = (
				AABE94A61699CB75002B8716 /* main.m in Sources */,
				AABE94AA1699CB75002B8716 /* AppDelegate.m in Sources */,
				AABE94C31699CCB5002B8716 /* QBRefreshControl.m in Sources */,
				AABE94CA1699CCC6002B8716 /* QBArrowRefreshControl.m in Sources */,
				AABE94D11699CCF9002B8716 /* QBSimpleSyncRefreshControl.m in Sources */,
				AABE94E21699CD0A002B8716 /* QBFunnyFaceRefreshControl.m in Sources */,
				AABE94ED1699CD5A002B8716 /* QBAnimationGroup.m in Sources */,
				AABE94EE1699CD5A002B8716 /* QBAnimationItem.m in Sources */,
				AABE94EF1699CD5A002B8716 /* QBAnimationSequence.m in Sources */,
				AABE94F71699CD82002B8716 /* ArrowDemoViewController.m in Sources */,
				AABE94F81699CD82002B8716 /* FunnyFaceDemoViewController.m in Sources */,
				AABE94F91699CD82002B8716 /* SyncDemoViewController.m in Sources */,
			);
			runOnlyForDeploymentPostprocessing = 0;
		};
/* End PBXSourcesBuildPhase section */

/* Begin PBXVariantGroup section */
		AABE94A21699CB75002B8716 /* InfoPlist.strings */ = {
			isa = PBXVariantGroup;
			children = (
				AABE94A31699CB75002B8716 /* en */,
			);
			name = InfoPlist.strings;
			sourceTree = "<group>";
		};
		AABE94B11699CB75002B8716 /* MainStoryboard.storyboard */ = {
			isa = PBXVariantGroup;
			children = (
				AABE94B21699CB75002B8716 /* en */,
			);
			name = MainStoryboard.storyboard;
			sourceTree = "<group>";
		};
/* End PBXVariantGroup section */

/* Begin XCBuildConfiguration section */
		AABE94B71699CB75002B8716 /* Debug */ = {
			isa = XCBuildConfiguration;
			buildSettings = {
				ALWAYS_SEARCH_USER_PATHS = NO;
				CLANG_CXX_LANGUAGE_STANDARD = "gnu++0x";
				CLANG_CXX_LIBRARY = "libc++";
				CLANG_WARN_EMPTY_BODY = YES;
				CLANG_WARN__DUPLICATE_METHOD_MATCH = YES;
				"CODE_SIGN_IDENTITY[sdk=iphoneos*]" = "iPhone Developer";
				COPY_PHASE_STRIP = NO;
				GCC_C_LANGUAGE_STANDARD = gnu99;
				GCC_DYNAMIC_NO_PIC = NO;
				GCC_OPTIMIZATION_LEVEL = 0;
				GCC_PREPROCESSOR_DEFINITIONS = (
					"DEBUG=1",
					"$(inherited)",
				);
				GCC_SYMBOLS_PRIVATE_EXTERN = NO;
				GCC_WARN_ABOUT_RETURN_TYPE = YES;
				GCC_WARN_UNINITIALIZED_AUTOS = YES;
				GCC_WARN_UNUSED_VARIABLE = YES;
				IPHONEOS_DEPLOYMENT_TARGET = 6.0;
				ONLY_ACTIVE_ARCH = YES;
				SDKROOT = iphoneos;
			};
			name = Debug;
		};
		AABE94B81699CB75002B8716 /* Release */ = {
			isa = XCBuildConfiguration;
			buildSettings = {
				ALWAYS_SEARCH_USER_PATHS = NO;
				CLANG_CXX_LANGUAGE_STANDARD = "gnu++0x";
				CLANG_CXX_LIBRARY = "libc++";
				CLANG_WARN_EMPTY_BODY = YES;
				CLANG_WARN__DUPLICATE_METHOD_MATCH = YES;
				"CODE_SIGN_IDENTITY[sdk=iphoneos*]" = "iPhone Developer";
				COPY_PHASE_STRIP = YES;
				GCC_C_LANGUAGE_STANDARD = gnu99;
				GCC_WARN_ABOUT_RETURN_TYPE = YES;
				GCC_WARN_UNINITIALIZED_AUTOS = YES;
				GCC_WARN_UNUSED_VARIABLE = YES;
				IPHONEOS_DEPLOYMENT_TARGET = 6.0;
				OTHER_CFLAGS = "-DNS_BLOCK_ASSERTIONS=1";
				SDKROOT = iphoneos;
				VALIDATE_PRODUCT = YES;
			};
			name = Release;
		};
		AABE94BA1699CB75002B8716 /* Debug */ = {
			isa = XCBuildConfiguration;
			buildSettings = {
				GCC_PRECOMPILE_PREFIX_HEADER = YES;
				GCC_PREFIX_HEADER = "QBRefreshControl/QBRefreshControl-Prefix.pch";
				INFOPLIST_FILE = "QBRefreshControl/QBRefreshControl-Info.plist";
				PRODUCT_NAME = "$(TARGET_NAME)";
				WRAPPER_EXTENSION = app;
			};
			name = Debug;
		};
		AABE94BB1699CB75002B8716 /* Release */ = {
			isa = XCBuildConfiguration;
			buildSettings = {
				GCC_PRECOMPILE_PREFIX_HEADER = YES;
				GCC_PREFIX_HEADER = "QBRefreshControl/QBRefreshControl-Prefix.pch";
				INFOPLIST_FILE = "QBRefreshControl/QBRefreshControl-Info.plist";
				PRODUCT_NAME = "$(TARGET_NAME)";
				WRAPPER_EXTENSION = app;
			};
			name = Release;
		};
/* End XCBuildConfiguration section */

/* Begin XCConfigurationList section */
		AABE948F1699CB75002B8716 /* Build configuration list for PBXProject "QBRefreshControl" */ = {
			isa = XCConfigurationList;
			buildConfigurations = (
				AABE94B71699CB75002B8716 /* Debug */,
				AABE94B81699CB75002B8716 /* Release */,
			);
			defaultConfigurationIsVisible = 0;
			defaultConfigurationName = Release;
		};
		AABE94B91699CB75002B8716 /* Build configuration list for PBXNativeTarget "QBRefreshControl" */ = {
			isa = XCConfigurationList;
			buildConfigurations = (
				AABE94BA1699CB75002B8716 /* Debug */,
				AABE94BB1699CB75002B8716 /* Release */,
			);
			defaultConfigurationIsVisible = 0;
			defaultConfigurationName = Release;
		};
/* End XCConfigurationList section */
	};
	rootObject = AABE948C1699CB75002B8716 /* Project object */;
}
